
Microsoft Visual Studio Solution File, Format Version 12.00
# Visual Studio Version 17
VisualStudioVersion = 17.11.35208.52
MinimumVisualStudioVersion = 10.0.40219.1
Project("{FAE04EC0-301F-11D3-BF4B-00C04F79EFBC}") = "CustomToolsAPI", "CustomToolsAPI.csproj", "{9DFA0C70-4077-48BA-AEBB-9DBC6AAFFBE2}"
EndProject
Global
	GlobalSection(SolutionConfigurationPlatforms) = preSolution
		Debug|Any CPU = Debug|Any CPU
		Release|Any CPU = Release|Any CPU
	EndGlobalSection
	GlobalSection(ProjectConfigurationPlatforms) = postSolution
		{9DFA0C70-4077-48BA-AEBB-9DBC6AAFFBE2}.Debug|Any CPU.ActiveCfg = Debug|Any CPU
		{9DFA0C70-4077-48BA-AEBB-9DBC6AAFFBE2}.Debug|Any CPU.Build.0 = Debug|Any CPU
		{9DFA0C70-4077-48BA-AEBB-9DBC6AAFFBE2}.Release|Any CPU.ActiveCfg = Release|Any CPU
		{9DFA0C70-4077-48BA-AEBB-9DBC6AAFFBE2}.Release|Any CPU.Build.0 = Release|Any CPU
	EndGlobalSection
	GlobalSection(SolutionProperties) = preSolution
		HideSolutionNode = FALSE
	EndGlobalSection
	GlobalSection(ExtensibilityGlobals) = postSolution
		SolutionGuid = {7B9640E8-F754-4A98-AFCF-3B6962DA011F}
	EndGlobalSection
EndGlobal
